
Microsoft Visual Studio Solution File, Format Version 12.00
# Visual Studio Version 17
VisualStudioVersion = 17.1.32319.34
MinimumVisualStudioVersion = 10.0.40219.1
Project("{FAE04EC0-301F-11D3-BF4B-00C04F79EFBC}") = "Logica", "Logica\Logica.csproj", "{6F03941B-E178-43B9-926D-4D0E3FEBC75A}"
EndProject
Global
	GlobalSection(SolutionConfigurationPlatforms) = preSolution
		Debug|Any CPU = Debug|Any CPU
		Release|Any CPU = Release|Any CPU
	EndGlobalSection
	GlobalSection(ProjectConfigurationPlatforms) = postSolution
		{6F03941B-E178-43B9-926D-4D0E3FEBC75A}.Debug|Any CPU.ActiveCfg = Debug|Any CPU
		{6F03941B-E178-43B9-926D-4D0E3FEBC75A}.Debug|Any CPU.Build.0 = Debug|Any CPU
		{6F03941B-E178-43B9-926D-4D0E3FEBC75A}.Release|Any CPU.ActiveCfg = Release|Any CPU
		{6F03941B-E178-43B9-926D-4D0E3FEBC75A}.Release|Any CPU.Build.0 = Release|Any CPU
	EndGlobalSection
	GlobalSection(SolutionProperties) = preSolution
		HideSolutionNode = FALSE
	EndGlobalSection
	GlobalSection(ExtensibilityGlobals) = postSolution
		SolutionGuid = {AFDB07F2-D6E8-4119-9448-8A5BAF108C36}
	EndGlobalSection
EndGlobal
